
Microsoft Visual Studio Solution File, Format Version 12.00
# Visual Studio Version 17
VisualStudioVersion = 17.2.32526.322
MinimumVisualStudioVersion = 10.0.40219.1
Project("{FAE04EC0-301F-11D3-BF4B-00C04F79EFBC}") = "WebUserControl", "WebUserControl\WebUserControl.csproj", "{33033D74-2E8E-4BB1-A82B-E4B9BC790CFE}"
EndProject
Global
	GlobalSection(SolutionConfigurationPlatforms) = preSolution
		Debug|Any CPU = Debug|Any CPU
		Release|Any CPU = Release|Any CPU
	EndGlobalSection
	GlobalSection(ProjectConfigurationPlatforms) = postSolution
		{33033D74-2E8E-4BB1-A82B-E4B9BC790CFE}.Debug|Any CPU.ActiveCfg = Debug|Any CPU
		{33033D74-2E8E-4BB1-A82B-E4B9BC790CFE}.Debug|Any CPU.Build.0 = Debug|Any CPU
		{33033D74-2E8E-4BB1-A82B-E4B9BC790CFE}.Release|Any CPU.ActiveCfg = Release|Any CPU
		{33033D74-2E8E-4BB1-A82B-E4B9BC790CFE}.Release|Any CPU.Build.0 = Release|Any CPU
	EndGlobalSection
	GlobalSection(SolutionProperties) = preSolution
		HideSolutionNode = FALSE
	EndGlobalSection
	GlobalSection(ExtensibilityGlobals) = postSolution
		SolutionGuid = {0A7EFE27-DD91-4F2E-8021-C16E0AABB403}
	EndGlobalSection
EndGlobal
